Microsoft Visual Studio Solution File, Format Version 8.00
Project("{8BC9CEB8-8B4A-11D0-8D11-00A0C91BC942}") = "libopenmodeller_dll", "libopenmodeller_dll\libopenmodeller_terralib_dll.vcproj", "{524F2298-7DCD-4C7D-B837-3B13F072C059}"
	ProjectSection(ProjectDependencies) = postProject
	EndProjectSection
EndProject
Project("{8BC9CEB8-8B4A-11D0-8D11-00A0C91BC942}") = "om_console", "om_console\om_terralib_console.vcproj", "{3868CFCA-7A02-43B6-B876-E5F60C42AAB6}"
	ProjectSection(ProjectDependencies) = postProject
	EndProjectSection
EndProject
Project("{8BC9CEB8-8B4A-11D0-8D11-00A0C91BC942}") = "om_bioclim", "om_bioclim\om_bioclim.vcproj", "{70482A69-CBB5-4151-B963-A119B8C12730}"
	ProjectSection(ProjectDependencies) = postProject
	EndProjectSection
EndProject
Project("{8BC9CEB8-8B4A-11D0-8D11-00A0C91BC942}") = "om_create", "om_create\om_create.vcproj", "{3868CFCA-7A02-43B6-B876-E5F60C42AAB6}"
	ProjectSection(ProjectDependencies) = postProject
	EndProjectSection
EndProject
Project("{8BC9CEB8-8B4A-11D0-8D11-00A0C91BC942}") = "om_csmbs", "om_csmbs\om_csmbs.vcproj", "{1DC8EBE5-763E-4632-A72B-001D9F873999}"
	ProjectSection(ProjectDependencies) = postProject
	EndProjectSection
EndProject
Project("{8BC9CEB8-8B4A-11D0-8D11-00A0C91BC942}") = "om_dg_garp_bs", "om_dg_garp_bs\om_dg_garp_bs.vcproj", "{C48187B7-6E4A-4B48-9E16-E52BF3BFAC6A}"
	ProjectSection(ProjectDependencies) = postProject
	EndProjectSection
EndProject
Project("{8BC9CEB8-8B4A-11D0-8D11-00A0C91BC942}") = "om_dg_garp", "om_dg_garp\om_dg_garp.vcproj", "{E10B6130-09A4-4F27-A188-37EDDA274519}"
	ProjectSection(ProjectDependencies) = postProject
	EndProjectSection
EndProject
Project("{8BC9CEB8-8B4A-11D0-8D11-00A0C91BC942}") = "om_dg_garp_bs2", "om_dg_garp_bs2\om_dg_garp_bs2.vcproj", "{C48187B7-6E4A-4B48-9E16-E52BF3BFAC6A}"
	ProjectSection(ProjectDependencies) = postProject
	EndProjectSection
EndProject
Project("{8BC9CEB8-8B4A-11D0-8D11-00A0C91BC942}") = "om_distance_to_average", "om_distance_to_average\om_distance_to_average.vcproj", "{06FC981D-29B3-4A47-B257-663B7E7766FB}"
	ProjectSection(ProjectDependencies) = postProject
	EndProjectSection
EndProject
Project("{8BC9CEB8-8B4A-11D0-8D11-00A0C91BC942}") = "om_garp", "om_garp\om_garp.vcproj", "{76CA7567-EBF3-4036-9567-D1C3F7FBFDD7}"
	ProjectSection(ProjectDependencies) = postProject
	EndProjectSection
EndProject
Project("{8BC9CEB8-8B4A-11D0-8D11-00A0C91BC942}") = "om_garp_best_subsets", "om_garp_best_subsets\om_garp_best_subsets.vcproj", "{7BF414D5-538E-4046-BB5F-9C815BED8E5B}"
	ProjectSection(ProjectDependencies) = postProject
	EndProjectSection
EndProject
Project("{8BC9CEB8-8B4A-11D0-8D11-00A0C91BC942}") = "om_mindist", "om_mindist\om_mindist.vcproj", "{57894D6D-0A97-482F-982F-2862371A7419}"
	ProjectSection(ProjectDependencies) = postProject
	EndProjectSection
EndProject
Project("{8BC9CEB8-8B4A-11D0-8D11-00A0C91BC942}") = "om_project", "om_project\om_project.vcproj", "{3868CFCA-7A02-43B6-B876-E5F60C42AAB6}"
	ProjectSection(ProjectDependencies) = postProject
		{524F2298-7DCD-4C7D-B837-3B13F072C059} = {524F2298-7DCD-4C7D-B837-3B13F072C059}
	EndProjectSection
EndProject
Global
	GlobalSection(SolutionConfiguration) = preSolution
		Debug = Debug
		Release = Release
	EndGlobalSection
	GlobalSection(ProjectDependencies) = postSolution
	EndGlobalSection
	GlobalSection(ProjectConfiguration) = postSolution
		{524F2298-7DCD-4C7D-B837-3B13F072C059}.Debug.ActiveCfg = Debug|Win32
		{524F2298-7DCD-4C7D-B837-3B13F072C059}.Debug.Build.0 = Debug|Win32
		{524F2298-7DCD-4C7D-B837-3B13F072C059}.Release.ActiveCfg = Release|Win32
		{524F2298-7DCD-4C7D-B837-3B13F072C059}.Release.Build.0 = Release|Win32
		{3868CFCA-7A02-43B6-B876-E5F60C42AAB6}.Debug.ActiveCfg = Debug|Win32
		{3868CFCA-7A02-43B6-B876-E5F60C42AAB6}.Debug.Build.0 = Debug|Win32
		{3868CFCA-7A02-43B6-B876-E5F60C42AAB6}.Release.ActiveCfg = Release|Win32
		{3868CFCA-7A02-43B6-B876-E5F60C42AAB6}.Release.Build.0 = Release|Win32
		{70482A69-CBB5-4151-B963-A119B8C12730}.Debug.ActiveCfg = Debug|Win32
		{70482A69-CBB5-4151-B963-A119B8C12730}.Debug.Build.0 = Debug|Win32
		{70482A69-CBB5-4151-B963-A119B8C12730}.Release.ActiveCfg = Release|Win32
		{70482A69-CBB5-4151-B963-A119B8C12730}.Release.Build.0 = Release|Win32
		{3868CFCA-7A02-43B6-B876-E5F60C42AAB6}.Debug.ActiveCfg = Debug|Win32
		{3868CFCA-7A02-43B6-B876-E5F60C42AAB6}.Debug.Build.0 = Debug|Win32
		{3868CFCA-7A02-43B6-B876-E5F60C42AAB6}.Release.ActiveCfg = Release|Win32
		{3868CFCA-7A02-43B6-B876-E5F60C42AAB6}.Release.Build.0 = Release|Win32
		{1DC8EBE5-763E-4632-A72B-001D9F873999}.Debug.ActiveCfg = Debug|Win32
		{1DC8EBE5-763E-4632-A72B-001D9F873999}.Debug.Build.0 = Debug|Win32
		{1DC8EBE5-763E-4632-A72B-001D9F873999}.Release.ActiveCfg = Release|Win32
		{1DC8EBE5-763E-4632-A72B-001D9F873999}.Release.Build.0 = Release|Win32
		{C48187B7-6E4A-4B48-9E16-E52BF3BFAC6A}.Debug.ActiveCfg = Debug|Win32
		{C48187B7-6E4A-4B48-9E16-E52BF3BFAC6A}.Debug.Build.0 = Debug|Win32
		{C48187B7-6E4A-4B48-9E16-E52BF3BFAC6A}.Release.ActiveCfg = Release|Win32
		{C48187B7-6E4A-4B48-9E16-E52BF3BFAC6A}.Release.Build.0 = Release|Win32
		{E10B6130-09A4-4F27-A188-37EDDA274519}.Debug.ActiveCfg = Debug|Win32
		{E10B6130-09A4-4F27-A188-37EDDA274519}.Debug.Build.0 = Debug|Win32
		{E10B6130-09A4-4F27-A188-37EDDA274519}.Release.ActiveCfg = Release|Win32
		{E10B6130-09A4-4F27-A188-37EDDA274519}.Release.Build.0 = Release|Win32
		{C48187B7-6E4A-4B48-9E16-E52BF3BFAC6A}.Debug.ActiveCfg = Debug|Win32
		{C48187B7-6E4A-4B48-9E16-E52BF3BFAC6A}.Debug.Build.0 = Debug|Win32
		{C48187B7-6E4A-4B48-9E16-E52BF3BFAC6A}.Release.ActiveCfg = Release|Win32
		{C48187B7-6E4A-4B48-9E16-E52BF3BFAC6A}.Release.Build.0 = Release|Win32
		{06FC981D-29B3-4A47-B257-663B7E7766FB}.Debug.ActiveCfg = Debug|Win32
		{06FC981D-29B3-4A47-B257-663B7E7766FB}.Debug.Build.0 = Debug|Win32
		{06FC981D-29B3-4A47-B257-663B7E7766FB}.Release.ActiveCfg = Release|Win32
		{06FC981D-29B3-4A47-B257-663B7E7766FB}.Release.Build.0 = Release|Win32
		{76CA7567-EBF3-4036-9567-D1C3F7FBFDD7}.Debug.ActiveCfg = Debug|Win32
		{76CA7567-EBF3-4036-9567-D1C3F7FBFDD7}.Debug.Build.0 = Debug|Win32
		{76CA7567-EBF3-4036-9567-D1C3F7FBFDD7}.Release.ActiveCfg = Release|Win32
		{76CA7567-EBF3-4036-9567-D1C3F7FBFDD7}.Release.Build.0 = Release|Win32
		{7BF414D5-538E-4046-BB5F-9C815BED8E5B}.Debug.ActiveCfg = Debug|Win32
		{7BF414D5-538E-4046-BB5F-9C815BED8E5B}.Debug.Build.0 = Debug|Win32
		{7BF414D5-538E-4046-BB5F-9C815BED8E5B}.Release.ActiveCfg = Release|Win32
		{7BF414D5-538E-4046-BB5F-9C815BED8E5B}.Release.Build.0 = Release|Win32
		{57894D6D-0A97-482F-982F-2862371A7419}.Debug.ActiveCfg = Debug|Win32
		{57894D6D-0A97-482F-982F-2862371A7419}.Debug.Build.0 = Debug|Win32
		{57894D6D-0A97-482F-982F-2862371A7419}.Release.ActiveCfg = Release|Win32
		{57894D6D-0A97-482F-982F-2862371A7419}.Release.Build.0 = Release|Win32
		{3868CFCA-7A02-43B6-B876-E5F60C42AAB6}.Debug.ActiveCfg = Debug|Win32
		{3868CFCA-7A02-43B6-B876-E5F60C42AAB6}.Debug.Build.0 = Debug|Win32
		{3868CFCA-7A02-43B6-B876-E5F60C42AAB6}.Release.ActiveCfg = Release|Win32
		{3868CFCA-7A02-43B6-B876-E5F60C42AAB6}.Release.Build.0 = Release|Win32
	EndGlobalSection
	GlobalSection(ExtensibilityGlobals) = postSolution
	EndGlobalSection
	GlobalSection(ExtensibilityAddIns) = postSolution
	EndGlobalSection
EndGlobal
